
Microsoft Visual Studio Solution File, Format Version 12.00
# Visual Studio 15
VisualStudioVersion = 15.0.26430.15
MinimumVisualStudioVersion = 10.0.40219.1
Project("{FAE04EC0-301F-11D3-BF4B-00C04F79EFBC}") = "GitlabVisualizer.Web", "GitlabVisualizer.Web\GitlabVisualizer.Web.csproj", "{F4DFEB3B-55C8-480B-B880-8FB7034D493F}"
EndProject
Project("{FAE04EC0-301F-11D3-BF4B-00C04F79EFBC}") = "GitlabVisualizer.ApiClient", "Gitlab.Client\GitlabVisualizer.ApiClient.csproj", "{4D3C5C08-9DD9-48B7-99AF-DFA8923C3592}"
EndProject
Project("{FAE04EC0-301F-11D3-BF4B-00C04F79EFBC}") = "GitlabVisualizer.Models", "GitlabVisualizer.Models\GitlabVisualizer.Models.csproj", "{5EF55025-B3CA-495F-B009-83B3E6335CB8}"
EndProject
Global
	GlobalSection(SolutionConfigurationPlatforms) = preSolution
		Debug|Any CPU = Debug|Any CPU
		Release|Any CPU = Release|Any CPU
	EndGlobalSection
	GlobalSection(ProjectConfigurationPlatforms) = postSolution
		{F4DFEB3B-55C8-480B-B880-8FB7034D493F}.Debug|Any CPU.ActiveCfg = Debug|Any CPU
		{F4DFEB3B-55C8-480B-B880-8FB7034D493F}.Debug|Any CPU.Build.0 = Debug|Any CPU
		{F4DFEB3B-55C8-480B-B880-8FB7034D493F}.Release|Any CPU.ActiveCfg = Release|Any CPU
		{F4DFEB3B-55C8-480B-B880-8FB7034D493F}.Release|Any CPU.Build.0 = Release|Any CPU
		{4D3C5C08-9DD9-48B7-99AF-DFA8923C3592}.Debug|Any CPU.ActiveCfg = Debug|Any CPU
		{4D3C5C08-9DD9-48B7-99AF-DFA8923C3592}.Debug|Any CPU.Build.0 = Debug|Any CPU
		{4D3C5C08-9DD9-48B7-99AF-DFA8923C3592}.Release|Any CPU.ActiveCfg = Release|Any CPU
		{4D3C5C08-9DD9-48B7-99AF-DFA8923C3592}.Release|Any CPU.Build.0 = Release|Any CPU
		{5EF55025-B3CA-495F-B009-83B3E6335CB8}.Debug|Any CPU.ActiveCfg = Debug|Any CPU
		{5EF55025-B3CA-495F-B009-83B3E6335CB8}.Debug|Any CPU.Build.0 = Debug|Any CPU
		{5EF55025-B3CA-495F-B009-83B3E6335CB8}.Release|Any CPU.ActiveCfg = Release|Any CPU
		{5EF55025-B3CA-495F-B009-83B3E6335CB8}.Release|Any CPU.Build.0 = Release|Any CPU
	EndGlobalSection
	GlobalSection(SolutionProperties) = preSolution
		HideSolutionNode = FALSE
	EndGlobalSection
EndGlobal
